// !$*UTF8*$!
{
	archiveVersion = 1;
	classes = {
	};
	objectVersion = 46;
	objects = {

/* Begin PBXBuildFile section */
		AEEFCD521801AE1C0003E0D7 /* Foundation.framework in Frameworks */ = {isa = PBXBuildFile; fileRef = AEEFCD511801AE1C0003E0D7 /* Foundation.framework */; };
		AEEFCD541801AE1C0003E0D7 /* CoreGraphics.framework in Frameworks */ = {isa = PBXBuildFile; fileRef = AEEFCD531801AE1C0003E0D7 /* CoreGraphics.framework */; };
		AEEFCD561801AE1C0003E0D7 /* UIKit.framework in Frameworks */ = {isa = PBXBuildFile; fileRef = AEEFCD551801AE1C0003E0D7 /* UIKit.framework */; };
		AEEFCD5C1801AE1C0003E0D7 /* InfoPlist.strings in Resources */ = {isa = PBXBuildFile; fileRef = AEEFCD5A1801AE1C0003E0D7 /* InfoPlist.strings */; };
		AEEFCD5E1801AE1C0003E0D7 /* main.m in Sources */ = {isa = PBXBuildFile; fileRef = AEEFCD5D1801AE1C0003E0D7 /* main.m */; };
		AEEFCD621801AE1C0003E0D7 /* SetCardAppDelegate.m in Sources */ = {isa = PBXBuildFile; fileRef = AEEFCD611801AE1C0003E0D7 /* SetCardAppDelegate.m */; };
		AEEFCD651801AE1C0003E0D7 /* Main.storyboard in Resources */ = {isa = PBXBuildFile; fileRef = AEEFCD631801AE1C0003E0D7 /* Main.storyboard */; };
		AEEFCD681801AE1C0003E0D7 /* SetCardViewController.m in Sources */ = {isa = PBXBuildFile; fileRef = AEEFCD671801AE1C0003E0D7 /* SetCardViewController.m */; };
		AEEFCD6A1801AE1C0003E0D7 /* Images.xcassets in Resources */ = {isa = PBXBuildFile; fileRef = AEEFCD691801AE1C0003E0D7 /* Images.xcassets */; };
		AEEFCD711801AE1C0003E0D7 /* XCTest.framework in Frameworks */ = {isa = PBXBuildFile; fileRef = AEEFCD701801AE1C0003E0D7 /* XCTest.framework */; };
		AEEFCD721801AE1C0003E0D7 /* Foundation.framework in Frameworks */ = {isa = PBXBuildFile; fileRef = AEEFCD511801AE1C0003E0D7 /* Foundation.framework */; };
		AEEFCD731801AE1C0003E0D7 /* UIKit.framework in Frameworks */ = {isa = PBXBuildFile; fileRef = AEEFCD551801AE1C0003E0D7 /* UIKit.framework */; };
		AEEFCD7B1801AE1C0003E0D7 /* InfoPlist.strings in Resources */ = {isa = PBXBuildFile; fileRef = AEEFCD791801AE1C0003E0D7 /* InfoPlist.strings */; };
		AEEFCD7D1801AE1C0003E0D7 /* SetCardTests.m in Sources */ = {isa = PBXBuildFile; fileRef = AEEFCD7C1801AE1C0003E0D7 /* SetCardTests.m */; };
/* End PBXBuildFile section */

/* Begin PBXContainerItemProxy section */
		AEEFCD741801AE1C0003E0D7 /* PBXContainerItemProxy */ = {
			isa = PBXContainerItemProxy;
			containerPortal = AEEFCD461801AE1C0003E0D7 /* Project object */;
			proxyType = 1;
			remoteGlobalIDString = AEEFCD4D1801AE1C0003E0D7;
			remoteInfo = SetCard;
		};
/* End PBXContainerItemProxy section */

/* Begin PBXFileReference section */
		AEEFCD4E1801AE1C0003E0D7 /* SetCard.app */ = {isa = PBXFileReference; explicitFileType = wrapper.application; includeInIndex = 0; path = SetCard.app; sourceTree = BUILT_PRODUCTS_DIR; };
		AEEFCD511801AE1C0003E0D7 /* Foundation.framework */ = {isa = PBXFileReference; lastKnownFileType = wrapper.framework; name = Foundation.framework; path = System/Library/Frameworks/Foundation.framework; sourceTree = SDKROOT; };
		AEEFCD531801AE1C0003E0D7 /* CoreGraphics.framework */ = {isa = PBXFileReference; lastKnownFileType = wrapper.framework; name = CoreGraphics.framework; path = System/Library/Frameworks/CoreGraphics.framework; sourceTree = SDKROOT; };
		AEEFCD551801AE1C0003E0D7 /* UIKit.framework */ = {isa = PBXFileReference; lastKnownFileType = wrapper.framework; name = UIKit.framework; path = System/Library/Frameworks/UIKit.framework; sourceTree = SDKROOT; };
		AEEFCD591801AE1C0003E0D7 /* SetCard-Info.plist */ = {isa = PBXFileReference; lastKnownFileType = text.plist.xml; path = "SetCard-Info.plist"; sourceTree = "<group>"; };
		AEEFCD5B1801AE1C0003E0D7 /* en */ = {isa = PBXFileReference; lastKnownFileType = text.plist.strings; name = en; path = en.lproj/InfoPlist.strings; sourceTree = "<group>"; };
		AEEFCD5D1801AE1C0003E0D7 /* main.m */ = {isa = PBXFileReference; lastKnownFileType = sourcecode.c.objc; path = main.m; sourceTree = "<group>"; };
		AEEFCD5F1801AE1C0003E0D7 /* SetCard-Prefix.pch */ = {isa = PBXFileReference; lastKnownFileType = sourcecode.c.h; path = "SetCard-Prefix.pch"; sourceTree = "<group>"; };
		AEEFCD601801AE1C0003E0D7 /* SetCardAppDelegate.h */ = {isa = PBXFileReference; lastKnownFileType = sourcecode.c.h; path = SetCardAppDelegate.h; sourceTree = "<group>"; };
		AEEFCD611801AE1C0003E0D7 /* SetCardAppDelegate.m */ = {isa = PBXFileReference; lastKnownFileType = sourcecode.c.objc; path = SetCardAppDelegate.m; sourceTree = "<group>"; };
		AEEFCD641801AE1C0003E0D7 /* Base */ = {isa = PBXFileReference; lastKnownFileType = file.storyboard; name = Base; path = Base.lproj/Main.storyboard; sourceTree = "<group>"; };
		AEEFCD661801AE1C0003E0D7 /* SetCardViewController.h */ = {isa = PBXFileReference; lastKnownFileType = sourcecode.c.h; path = SetCardViewController.h; sourceTree = "<group>"; };
		AEEFCD671801AE1C0003E0D7 /* SetCardViewController.m */ = {isa = PBXFileReference; lastKnownFileType = sourcecode.c.objc; path = SetCardViewController.m; sourceTree = "<group>"; };
		AEEFCD691801AE1C0003E0D7 /* Images.xcassets */ = {isa = PBXFileReference; lastKnownFileType = folder.assetcatalog; path = Images.xcassets; sourceTree = "<group>"; };
		AEEFCD6F1801AE1C0003E0D7 /* SetCardTests.xctest */ = {isa = PBXFileReference; explicitFileType = wrapper.cfbundle; includeInIndex = 0; path = SetCardTests.xctest; sourceTree = BUILT_PRODUCTS_DIR; };
		AEEFCD701801AE1C0003E0D7 /* XCTest.framework */ = {isa = PBXFileReference; lastKnownFileType = wrapper.framework; name = XCTest.framework; path = Library/Frameworks/XCTest.framework; sourceTree = DEVELOPER_DIR; };
		AEEFCD781801AE1C0003E0D7 /* SetCardTests-Info.plist */ = {isa = PBXFileReference; lastKnownFileType = text.plist.xml; path = "SetCardTests-Info.plist"; sourceTree = "<group>"; };
		AEEFCD7A1801AE1C0003E0D7 /* en */ = {isa = PBXFileReference; lastKnownFileType = text.plist.strings; name = en; path = en.lproj/InfoPlist.strings; sourceTree = "<group>"; };
		AEEFCD7C1801AE1C0003E0D7 /* SetCardTests.m */ = {isa = PBXFileReference; lastKnownFileType = sourcecode.c.objc; path = SetCardTests.m; sourceTree = "<group>"; };
/* End PBXFileReference section */

/* Begin PBXFrameworksBuildPhase section */
		AEEFCD4B1801AE1C0003E0D7 /* Frameworks */ = {
			isa = PBXFrameworksBuildPhase;
			buildActionMask = 2147483647;
			files = (
				AEEFCD541801AE1C0003E0D7 /* CoreGraphics.framework in Frameworks */,
				AEEFCD561801AE1C0003E0D7 /* UIKit.framework in Frameworks */,
				AEEFCD521801AE1C0003E0D7 /* Foundation.framework in Frameworks */,
			);
			runOnlyForDeploymentPostprocessing = 0;
		};
		AEEFCD6C1801AE1C0003E0D7 /* Frameworks */ = {
			isa = PBXFrameworksBuildPhase;
			buildActionMask = 2147483647;
			files = (
				AEEFCD711801AE1C0003E0D7 /* XCTest.framework in Frameworks */,
				AEEFCD731801AE1C0003E0D7 /* UIKit.framework in Frameworks */,
				AEEFCD721801AE1C0003E0D7 /* Foundation.framework in Frameworks */,
			);
			runOnlyForDeploymentPostprocessing = 0;
		};
/* End PBXFrameworksBuildPhase section */

/* Begin PBXGroup section */
		AEEFCD451801AE1C0003E0D7 = {
			isa = PBXGroup;
			children = (
				AEEFCD571801AE1C0003E0D7 /* SetCard */,
				AEEFCD761801AE1C0003E0D7 /* SetCardTests */,
				AEEFCD501801AE1C0003E0D7 /* Frameworks */,
				AEEFCD4F1801AE1C0003E0D7 /* Products */,
			);
			sourceTree = "<group>";
		};
		AEEFCD4F1801AE1C0003E0D7 /* Products */ = {
			isa = PBXGroup;
			children = (
				AEEFCD4E1801AE1C0003E0D7 /* SetCard.app */,
				AEEFCD6F1801AE1C0003E0D7 /* SetCardTests.xctest */,
			);
			name = Products;
			sourceTree = "<group>";
		};
		AEEFCD501801AE1C0003E0D7 /* Frameworks */ = {
			isa = PBXGroup;
			children = (
				AEEFCD511801AE1C0003E0D7 /* Foundation.framework */,
				AEEFCD531801AE1C0003E0D7 /* CoreGraphics.framework */,
				AEEFCD551801AE1C0003E0D7 /* UIKit.framework */,
				AEEFCD701801AE1C0003E0D7 /* XCTest.framework */,
			);
			name = Frameworks;
			sourceTree = "<group>";
		};
		AEEFCD571801AE1C0003E0D7 /* SetCard */ = {
			isa = PBXGroup;
			children = (
				AEEFCD601801AE1C0003E0D7 /* SetCardAppDelegate.h */,
				AEEFCD611801AE1C0003E0D7 /* SetCardAppDelegate.m */,
				AEEFCD631801AE1C0003E0D7 /* Main.storyboard */,
				AEEFCD661801AE1C0003E0D7 /* SetCardViewController.h */,
				AEEFCD671801AE1C0003E0D7 /* SetCardViewController.m */,
				AEEFCD691801AE1C0003E0D7 /* Images.xcassets */,
				AEEFCD581801AE1C0003E0D7 /* Supporting Files */,
			);
			path = SetCard;
			sourceTree = "<group>";
		};
		AEEFCD581801AE1C0003E0D7 /* Supporting Files */ = {
			isa = PBXGroup;
			children = (
				AEEFCD591801AE1C0003E0D7 /* SetCard-Info.plist */,
				AEEFCD5A1801AE1C0003E0D7 /* InfoPlist.strings */,
				AEEFCD5D1801AE1C0003E0D7 /* main.m */,
				AEEFCD5F1801AE1C0003E0D7 /* SetCard-Prefix.pch */,
			);
			name = "Supporting Files";
			sourceTree = "<group>";
		};
		AEEFCD761801AE1C0003E0D7 /* SetCardTests */ = {
			isa = PBXGroup;
			children = (
				AEEFCD7C1801AE1C0003E0D7 /* SetCardTests.m */,
				AEEFCD771801AE1C0003E0D7 /* Supporting Files */,
			);
			path = SetCardTests;
			sourceTree = "<group>";
		};
		AEEFCD771801AE1C0003E0D7 /* Supporting Files */ = {
			isa = PBXGroup;
			children = (
				AEEFCD781801AE1C0003E0D7 /* SetCardTests-Info.plist */,
				AEEFCD791801AE1C0003E0D7 /* InfoPlist.strings */,
			);
			name = "Supporting Files";
			sourceTree = "<group>";
		};
/* End PBXGroup section */

/* Begin PBXNativeTarget section */
		AEEFCD4D1801AE1C0003E0D7 /* SetCard */ = {
			isa = PBXNativeTarget;
			buildConfigurationList = AEEFCD801801AE1C0003E0D7 /* Build configuration list for PBXNativeTarget "SetCard" */;
			buildPhases = (
				AEEFCD4A1801AE1C0003E0D7 /* Sources */,
				AEEFCD4B1801AE1C0003E0D7 /* Frameworks */,
				AEEFCD4C1801AE1C0003E0D7 /* Resources */,
			);
			buildRules = (
			);
			dependencies = (
			);
			name = SetCard;
			productName = SetCard;
			productReference = AEEFCD4E1801AE1C0003E0D7 /* SetCard.app */;
			productType = "com.apple.product-type.application";
		};
		AEEFCD6E1801AE1C0003E0D7 /* SetCardTests */ = {
			isa = PBXNativeTarget;
			buildConfigurationList = AEEFCD831801AE1C0003E0D7 /* Build configuration list for PBXNativeTarget "SetCardTests" */;
			buildPhases = (
				AEEFCD6B1801AE1C0003E0D7 /* Sources */,
				AEEFCD6C1801AE1C0003E0D7 /* Frameworks */,
				AEEFCD6D1801AE1C0003E0D7 /* Resources */,
			);
			buildRules = (
			);
			dependencies = (
				AEEFCD751801AE1C0003E0D7 /* PBXTargetDependency */,
			);
			name = SetCardTests;
			productName = SetCardTests;
			productReference = AEEFCD6F1801AE1C0003E0D7 /* SetCardTests.xctest */;
			productType = "com.apple.product-type.bundle.unit-test";
		};
/* End PBXNativeTarget section */

/* Begin PBXProject section */
		AEEFCD461801AE1C0003E0D7 /* Project object */ = {
			isa = PBXProject;
			attributes = {
				CLASSPREFIX = SetCard;
				LastUpgradeCheck = 0500;
				ORGANIZATIONNAME = "Jonathan Lozinski";
				TargetAttributes = {
					AEEFCD6E1801AE1C0003E0D7 = {
						TestTargetID = AEEFCD4D1801AE1C0003E0D7;
					};
				};
			};
			buildConfigurationList = AEEFCD491801AE1C0003E0D7 /* Build configuration list for PBXProject "SetCard" */;
			compatibilityVersion = "Xcode 3.2";
			developmentRegion = English;
			hasScannedForEncodings = 0;
			knownRegions = (
				en,
				Base,
			);
			mainGroup = AEEFCD451801AE1C0003E0D7;
			productRefGroup = AEEFCD4F1801AE1C0003E0D7 /* Products */;
			projectDirPath = "";
			projectRoot = "";
			targets = (
				AEEFCD4D1801AE1C0003E0D7 /* SetCard */,
				AEEFCD6E1801AE1C0003E0D7 /* SetCardTests */,
			);
		};
/* End PBXProject section */

/* Begin PBXResourcesBuildPhase section */
		AEEFCD4C1801AE1C0003E0D7 /* Resources */ = {
			isa = PBXResourcesBuildPhase;
			buildActionMask = 2147483647;
			files = (
				AEEFCD6A1801AE1C0003E0D7 /* Images.xcassets in Resources */,
				AEEFCD5C1801AE1C0003E0D7 /* InfoPlist.strings in Resources */,
				AEEFCD651801AE1C0003E0D7 /* Main.storyboard in Resources */,
			);
			runOnlyForDeploymentPostprocessing = 0;
		};
		AEEFCD6D1801AE1C0003E0D7 /* Resources */ = {
			isa = PBXResourcesBuildPhase;
			buildActionMask = 2147483647;
			files = (
				AEEFCD7B1801AE1C0003E0D7 /* InfoPlist.strings in Resources */,
			);
			runOnlyForDeploymentPostprocessing = 0;
		};
/* End PBXResourcesBuildPhase section */

/* Begin PBXSourcesBuildPhase section */
		AEEFCD4A1801AE1C0003E0D7 /* Sources */ = {
			isa = PBXSourcesBuildPhase;
			buildActionMask = 2147483647;
			files = (
				AEEFCD5E1801AE1C0003E0D7 /* main.m in Sources */,
				AEEFCD681801AE1C0003E0D7 /* SetCardViewController.m in Sources */,
				AEEFCD621801AE1C0003E0D7 /* SetCardAppDelegate.m in Sources */,
			);
			runOnlyForDeploymentPostprocessing = 0;
		};
		AEEFCD6B1801AE1C0003E0D7 /* Sources */ = {
			isa = PBXSourcesBuildPhase;
			buildActionMask = 2147483647;
			files = (
				AEEFCD7D1801AE1C0003E0D7 /* SetCardTests.m in Sources */,
			);
			runOnlyForDeploymentPostprocessing = 0;
		};
/* End PBXSourcesBuildPhase section */

/* Begin PBXTargetDependency section */
		AEEFCD751801AE1C0003E0D7 /* PBXTargetDependency */ = {
			isa = PBXTargetDependency;
			target = AEEFCD4D1801AE1C0003E0D7 /* SetCard */;
			targetProxy = AEEFCD741801AE1C0003E0D7 /* PBXContainerItemProxy */;
		};
/* End PBXTargetDependency section */

/* Begin PBXVariantGroup section */
		AEEFCD5A1801AE1C0003E0D7 /* InfoPlist.strings */ = {
			isa = PBXVariantGroup;
			children = (
				AEEFCD5B1801AE1C0003E0D7 /* en */,
			);
			name = InfoPlist.strings;
			sourceTree = "<group>";
		};
		AEEFCD631801AE1C0003E0D7 /* Main.storyboard */ = {
			isa = PBXVariantGroup;
			children = (
				AEEFCD641801AE1C0003E0D7 /* Base */,
			);
			name = Main.storyboard;
			sourceTree = "<group>";
		};
		AEEFCD791801AE1C0003E0D7 /* InfoPlist.strings */ = {
			isa = PBXVariantGroup;
			children = (
				AEEFCD7A1801AE1C0003E0D7 /* en */,
			);
			name = InfoPlist.strings;
			sourceTree = "<group>";
		};
/* End PBXVariantGroup section */

/* Begin XCBuildConfiguration section */
		AEEFCD7E1801AE1C0003E0D7 /* Debug */ = {
			isa = XCBuildConfiguration;
			buildSettings = {
				ALWAYS_SEARCH_USER_PATHS = NO;
				ARCHS = "$(ARCHS_STANDARD_INCLUDING_64_BIT)";
				CLANG_CXX_LANGUAGE_STANDARD = "gnu++0x";
				CLANG_CXX_LIBRARY = "libc++";
				CLANG_ENABLE_MODULES = YES;
				CLANG_ENABLE_OBJC_ARC = YES;
				CLANG_WARN_BOOL_CONVERSION = YES;
				CLANG_WARN_CONSTANT_CONVERSION = YES;
				CLANG_WARN_DIRECT_OBJC_ISA_USAGE = YES_ERROR;
				CLANG_WARN_EMPTY_BODY = YES;
				CLANG_WARN_ENUM_CONVERSION = YES;
				CLANG_WARN_INT_CONVERSION = YES;
				CLANG_WARN_OBJC_ROOT_CLASS = YES_ERROR;
				CLANG_WARN__DUPLICATE_METHOD_MATCH = YES;
				"CODE_SIGN_IDENTITY[sdk=iphoneos*]" = "iPhone Developer";
				COPY_PHASE_STRIP = NO;
				GCC_C_LANGUAGE_STANDARD = gnu99;
				GCC_DYNAMIC_NO_PIC = NO;
				GCC_OPTIMIZATION_LEVEL = 0;
				GCC_PREPROCESSOR_DEFINITIONS = (
					"DEBUG=1",
					"$(inherited)",
				);
				GCC_SYMBOLS_PRIVATE_EXTERN = NO;
				GCC_WARN_64_TO_32_BIT_CONVERSION = YES;
				GCC_WARN_ABOUT_RETURN_TYPE = YES_ERROR;
				GCC_WARN_UNDECLARED_SELECTOR = YES;
				GCC_WARN_UNINITIALIZED_AUTOS = YES;
				GCC_WARN_UNUSED_FUNCTION = YES;
				GCC_WARN_UNUSED_VARIABLE = YES;
				IPHONEOS_DEPLOYMENT_TARGET = 7.0;
				ONLY_ACTIVE_ARCH = YES;
				SDKROOT = iphoneos;
			};
			name = Debug;
		};
		AEEFCD7F1801AE1C0003E0D7 /* Release */ = {
			isa = XCBuildConfiguration;
			buildSettings = {
				ALWAYS_SEARCH_USER_PATHS = NO;
				ARCHS = "$(ARCHS_STANDARD_INCLUDING_64_BIT)";
				CLANG_CXX_LANGUAGE_STANDARD = "gnu++0x";
				CLANG_CXX_LIBRARY = "libc++";
				CLANG_ENABLE_MODULES = YES;
				CLANG_ENABLE_OBJC_ARC = YES;
				CLANG_WARN_BOOL_CONVERSION = YES;
				CLANG_WARN_CONSTANT_CONVERSION = YES;
				CLANG_WARN_DIRECT_OBJC_ISA_USAGE = YES_ERROR;
				CLANG_WARN_EMPTY_BODY = YES;
				CLANG_WARN_ENUM_CONVERSION = YES;
				CLANG_WARN_INT_CONVERSION = YES;
				CLANG_WARN_OBJC_ROOT_CLASS = YES_ERROR;
				CLANG_WARN__DUPLICATE_METHOD_MATCH = YES;
				"CODE_SIGN_IDENTITY[sdk=iphoneos*]" = "iPhone Developer";
				COPY_PHASE_STRIP = YES;
				ENABLE_NS_ASSERTIONS = NO;
				GCC_C_LANGUAGE_STANDARD = gnu99;
				GCC_WARN_64_TO_32_BIT_CONVERSION = YES;
				GCC_WARN_ABOUT_RETURN_TYPE = YES_ERROR;
				GCC_WARN_UNDECLARED_SELECTOR = YES;
				GCC_WARN_UNINITIALIZED_AUTOS = YES;
				GCC_WARN_UNUSED_FUNCTION = YES;
				GCC_WARN_UNUSED_VARIABLE = YES;
				IPHONEOS_DEPLOYMENT_TARGET = 7.0;
				SDKROOT = iphoneos;
				VALIDATE_PRODUCT = YES;
			};
			name = Release;
		};
		AEEFCD811801AE1C0003E0D7 /* Debug */ = {
			isa = XCBuildConfiguration;
			buildSettings = {
				ASSETCATALOG_COMPILER_APPICON_NAME = AppIcon;
				ASSETCATALOG_COMPILER_LAUNCHIMAGE_NAME = LaunchImage;
				GCC_PRECOMPILE_PREFIX_HEADER = YES;
				GCC_PREFIX_HEADER = "SetCard/SetCard-Prefix.pch";
				INFOPLIST_FILE = "SetCard/SetCard-Info.plist";
				PRODUCT_NAME = "$(TARGET_NAME)";
				WRAPPER_EXTENSION = app;
			};
			name = Debug;
		};
		AEEFCD821801AE1C0003E0D7 /* Release */ = {
			isa = XCBuildConfiguration;
			buildSettings = {
				ASSETCATALOG_COMPILER_APPICON_NAME = AppIcon;
				ASSETCATALOG_COMPILER_LAUNCHIMAGE_NAME = LaunchImage;
				GCC_PRECOMPILE_PREFIX_HEADER = YES;
				GCC_PREFIX_HEADER = "SetCard/SetCard-Prefix.pch";
				INFOPLIST_FILE = "SetCard/SetCard-Info.plist";
				PRODUCT_NAME = "$(TARGET_NAME)";
				WRAPPER_EXTENSION = app;
			};
			name = Release;
		};
		AEEFCD841801AE1C0003E0D7 /* Debug */ = {
			isa = XCBuildConfiguration;
			buildSettings = {
				ARCHS = "$(ARCHS_STANDARD_INCLUDING_64_BIT)";
				BUNDLE_LOADER = "$(BUILT_PRODUCTS_DIR)/SetCard.app/SetCard";
				FRAMEWORK_SEARCH_PATHS = (
					"$(SDKROOT)/Developer/Library/Frameworks",
					"$(inherited)",
					"$(DEVELOPER_FRAMEWORKS_DIR)",
				);
				GCC_PRECOMPILE_PREFIX_HEADER = YES;
				GCC_PREFIX_HEADER = "SetCard/SetCard-Prefix.pch";
				GCC_PREPROCESSOR_DEFINITIONS = (
					"DEBUG=1",
					"$(inherited)",
				);
				INFOPLIST_FILE = "SetCardTests/SetCardTests-Info.plist";
				PRODUCT_NAME = "$(TARGET_NAME)";
				TEST_HOST = "$(BUNDLE_LOADER)";
				WRAPPER_EXTENSION = xctest;
			};
			name = Debug;
		};
		AEEFCD851801AE1C0003E0D7 /* Release */ = {
			isa = XCBuildConfiguration;
			buildSettings = {
				ARCHS = "$(ARCHS_STANDARD_INCLUDING_64_BIT)";
				BUNDLE_LOADER = "$(BUILT_PRODUCTS_DIR)/SetCard.app/SetCard";
				FRAMEWORK_SEARCH_PATHS = (
					"$(SDKROOT)/Developer/Library/Frameworks",
					"$(inherited)",
					"$(DEVELOPER_FRAMEWORKS_DIR)",
				);
				GCC_PRECOMPILE_PREFIX_HEADER = YES;
				GCC_PREFIX_HEADER = "SetCard/SetCard-Prefix.pch";
				INFOPLIST_FILE = "SetCardTests/SetCardTests-Info.plist";
				PRODUCT_NAME = "$(TARGET_NAME)";
				TEST_HOST = "$(BUNDLE_LOADER)";
				WRAPPER_EXTENSION = xctest;
			};
			name = Release;
		};
/* End XCBuildConfiguration section */

/* Begin XCConfigurationList section */
		AEEFCD491801AE1C0003E0D7 /* Build configuration list for PBXProject "SetCard" */ = {
			isa = XCConfigurationList;
			buildConfigurations = (
				AEEFCD7E1801AE1C0003E0D7 /* Debug */,
				AEEFCD7F1801AE1C0003E0D7 /* Release */,
			);
			defaultConfigurationIsVisible = 0;
			defaultConfigurationName = Release;
		};
		AEEFCD801801AE1C0003E0D7 /* Build configuration list for PBXNativeTarget "SetCard" */ = {
			isa = XCConfigurationList;
			buildConfigurations = (
				AEEFCD811801AE1C0003E0D7 /* Debug */,
				AEEFCD821801AE1C0003E0D7 /* Release */,
			);
			defaultConfigurationIsVisible = 0;
		};
		AEEFCD831801AE1C0003E0D7 /* Build configuration list for PBXNativeTarget "SetCardTests" */ = {
			isa = XCConfigurationList;
			buildConfigurations = (
				AEEFCD841801AE1C0003E0D7 /* Debug */,
				AEEFCD851801AE1C0003E0D7 /* Release */,
			);
			defaultConfigurationIsVisible = 0;
		};
/* End XCConfigurationList section */
	};
	rootObject = AEEFCD461801AE1C0003E0D7 /* Project object */;
}
